
Microsoft Visual Studio Solution File, Format Version 12.00
# Visual Studio Version 17
VisualStudioVersion = 17.5.33414.496
MinimumVisualStudioVersion = 10.0.40219.1
Project("{9A19103F-16F7-4668-BE54-9A1E7A4F7556}") = "Area & Perimeter", "Area & Perimeter.csproj", "{C43A65D9-B61F-48A0-AB0E-C5EE6F94C48A}"
EndProject
Project("{2150E333-8FDC-42A3-9474-1A3956D46DE8}") = "Solution Items", "Solution Items", "{6B9C80B3-98FC-4549-8D14-25D94715DD72}"
	ProjectSection(SolutionItems) = preProject
		Rectangle.cs = Rectangle.cs
		Shape.cs = Shape.cs
		Triangle.cs = Triangle.cs
	EndProjectSection
EndProject
Global
	GlobalSection(SolutionConfigurationPlatforms) = preSolution
		Debug|Any CPU = Debug|Any CPU
		Release|Any CPU = Release|Any CPU
	EndGlobalSection
	GlobalSection(ProjectConfigurationPlatforms) = postSolution
		{C43A65D9-B61F-48A0-AB0E-C5EE6F94C48A}.Debug|Any CPU.ActiveCfg = Debug|Any CPU
		{C43A65D9-B61F-48A0-AB0E-C5EE6F94C48A}.Debug|Any CPU.Build.0 = Debug|Any CPU
		{C43A65D9-B61F-48A0-AB0E-C5EE6F94C48A}.Release|Any CPU.ActiveCfg = Release|Any CPU
		{C43A65D9-B61F-48A0-AB0E-C5EE6F94C48A}.Release|Any CPU.Build.0 = Release|Any CPU
	EndGlobalSection
	GlobalSection(SolutionProperties) = preSolution
		HideSolutionNode = FALSE
	EndGlobalSection
	GlobalSection(ExtensibilityGlobals) = postSolution
		SolutionGuid = {23634EF3-7AAA-44F4-8784-82F2986BA7B0}
	EndGlobalSection
EndGlobal
