
Microsoft Visual Studio Solution File, Format Version 12.00
# Visual Studio Version 17
VisualStudioVersion = 17.5.33414.496
MinimumVisualStudioVersion = 10.0.40219.1
Project("{9A19103F-16F7-4668-BE54-9A1E7A4F7556}") = "Practice Questions", "Practice Questions.csproj", "{67A425CB-817A-4CE6-BA0A-89ED09FD6480}"
EndProject
Global
	GlobalSection(SolutionConfigurationPlatforms) = preSolution
		Debug|Any CPU = Debug|Any CPU
		Release|Any CPU = Release|Any CPU
	EndGlobalSection
	GlobalSection(ProjectConfigurationPlatforms) = postSolution
		{67A425CB-817A-4CE6-BA0A-89ED09FD6480}.Debug|Any CPU.ActiveCfg = Debug|Any CPU
		{67A425CB-817A-4CE6-BA0A-89ED09FD6480}.Debug|Any CPU.Build.0 = Debug|Any CPU
		{67A425CB-817A-4CE6-BA0A-89ED09FD6480}.Release|Any CPU.ActiveCfg = Release|Any CPU
		{67A425CB-817A-4CE6-BA0A-89ED09FD6480}.Release|Any CPU.Build.0 = Release|Any CPU
	EndGlobalSection
	GlobalSection(SolutionProperties) = preSolution
		HideSolutionNode = FALSE
	EndGlobalSection
	GlobalSection(ExtensibilityGlobals) = postSolution
		SolutionGuid = {E52DF65D-1120-4C44-9056-451D27E60E76}
	EndGlobalSection
EndGlobal
