
Microsoft Visual Studio Solution File, Format Version 12.00
# Visual Studio Version 17
VisualStudioVersion = 17.4.33213.308
MinimumVisualStudioVersion = 10.0.40219.1
Project("{FAE04EC0-301F-11D3-BF4B-00C04F79EFBC}") = "Multi-Dimensional Array", "Multi-Dimensional Array.csproj", "{5F69950E-875C-4FCD-B9CD-6C143E853781}"
EndProject
Global
	GlobalSection(SolutionConfigurationPlatforms) = preSolution
		Debug|Any CPU = Debug|Any CPU
		Release|Any CPU = Release|Any CPU
	EndGlobalSection
	GlobalSection(ProjectConfigurationPlatforms) = postSolution
		{5F69950E-875C-4FCD-B9CD-6C143E853781}.Debug|Any CPU.ActiveCfg = Debug|Any CPU
		{5F69950E-875C-4FCD-B9CD-6C143E853781}.Debug|Any CPU.Build.0 = Debug|Any CPU
		{5F69950E-875C-4FCD-B9CD-6C143E853781}.Release|Any CPU.ActiveCfg = Release|Any CPU
		{5F69950E-875C-4FCD-B9CD-6C143E853781}.Release|Any CPU.Build.0 = Release|Any CPU
	EndGlobalSection
	GlobalSection(SolutionProperties) = preSolution
		HideSolutionNode = FALSE
	EndGlobalSection
	GlobalSection(ExtensibilityGlobals) = postSolution
		SolutionGuid = {2C78AB4F-F034-40F6-95F6-2CC21CAB0CDD}
	EndGlobalSection
EndGlobal
