
Microsoft Visual Studio Solution File, Format Version 12.00
Project("{FAE04EC0-301F-11D3-BF4B-00C04F79EFBC}") = "Delegates and Events Example", "Delegates and Events Example.csproj", "{FEC0AB52-BD34-4CD2-9656-E0B768052D00}"
EndProject
Global
	GlobalSection(SolutionConfigurationPlatforms) = preSolution
		Debug|Any CPU = Debug|Any CPU
		Release|Any CPU = Release|Any CPU
	EndGlobalSection
	GlobalSection(ProjectConfigurationPlatforms) = postSolution
		{FEC0AB52-BD34-4CD2-9656-E0B768052D00}.Debug|Any CPU.ActiveCfg = Debug|Any CPU
		{FEC0AB52-BD34-4CD2-9656-E0B768052D00}.Debug|Any CPU.Build.0 = Debug|Any CPU
		{FEC0AB52-BD34-4CD2-9656-E0B768052D00}.Release|Any CPU.ActiveCfg = Release|Any CPU
		{FEC0AB52-BD34-4CD2-9656-E0B768052D00}.Release|Any CPU.Build.0 = Release|Any CPU
	EndGlobalSection
EndGlobal
