
Microsoft Visual Studio Solution File, Format Version 12.00
# Visual Studio Version 17
VisualStudioVersion = 17.5.33530.505
MinimumVisualStudioVersion = 10.0.40219.1
Project("{FAE04EC0-301F-11D3-BF4B-00C04F79EFBC}") = "Music Player From SQL DB", "Music Player From SQL DB.csproj", "{D4CA1796-966C-42F7-8039-BC3E6C57E25C}"
EndProject
Global
	GlobalSection(SolutionConfigurationPlatforms) = preSolution
		Debug|Any CPU = Debug|Any CPU
		Release|Any CPU = Release|Any CPU
	EndGlobalSection
	GlobalSection(ProjectConfigurationPlatforms) = postSolution
		{D4CA1796-966C-42F7-8039-BC3E6C57E25C}.Debug|Any CPU.ActiveCfg = Debug|Any CPU
		{D4CA1796-966C-42F7-8039-BC3E6C57E25C}.Debug|Any CPU.Build.0 = Debug|Any CPU
		{D4CA1796-966C-42F7-8039-BC3E6C57E25C}.Release|Any CPU.ActiveCfg = Release|Any CPU
		{D4CA1796-966C-42F7-8039-BC3E6C57E25C}.Release|Any CPU.Build.0 = Release|Any CPU
	EndGlobalSection
	GlobalSection(SolutionProperties) = preSolution
		HideSolutionNode = FALSE
	EndGlobalSection
	GlobalSection(ExtensibilityGlobals) = postSolution
		SolutionGuid = {0BE304CC-9ABB-4BC4-9336-61D58791336A}
	EndGlobalSection
EndGlobal
