
Microsoft Visual Studio Solution File, Format Version 12.00
# Visual Studio Version 17
VisualStudioVersion = 17.5.33530.505
MinimumVisualStudioVersion = 10.0.40219.1
Project("{FAE04EC0-301F-11D3-BF4B-00C04F79EFBC}") = "ADO.NET", "ADO.NET.csproj", "{07A5213F-6E5C-4862-AA69-43E7CA84EA34}"
EndProject
Global
	GlobalSection(SolutionConfigurationPlatforms) = preSolution
		Debug|Any CPU = Debug|Any CPU
		Release|Any CPU = Release|Any CPU
	EndGlobalSection
	GlobalSection(ProjectConfigurationPlatforms) = postSolution
		{07A5213F-6E5C-4862-AA69-43E7CA84EA34}.Debug|Any CPU.ActiveCfg = Debug|Any CPU
		{07A5213F-6E5C-4862-AA69-43E7CA84EA34}.Debug|Any CPU.Build.0 = Debug|Any CPU
		{07A5213F-6E5C-4862-AA69-43E7CA84EA34}.Release|Any CPU.ActiveCfg = Release|Any CPU
		{07A5213F-6E5C-4862-AA69-43E7CA84EA34}.Release|Any CPU.Build.0 = Release|Any CPU
	EndGlobalSection
	GlobalSection(SolutionProperties) = preSolution
		HideSolutionNode = FALSE
	EndGlobalSection
	GlobalSection(ExtensibilityGlobals) = postSolution
		SolutionGuid = {D7C496FF-420C-4AEF-88BD-4C2FE0E8EE7E}
	EndGlobalSection
EndGlobal
