
Microsoft Visual Studio Solution File, Format Version 12.00
# Visual Studio Version 17
VisualStudioVersion = 17.5.33414.496
MinimumVisualStudioVersion = 10.0.40219.1
Project("{FAE04EC0-301F-11D3-BF4B-00C04F79EFBC}") = "Multi-Level Inheritance", "Multi-Level Inheritance.csproj", "{328999EB-6FCE-4264-824E-19C7B26F86B0}"
EndProject
Global
	GlobalSection(SolutionConfigurationPlatforms) = preSolution
		Debug|Any CPU = Debug|Any CPU
		Release|Any CPU = Release|Any CPU
	EndGlobalSection
	GlobalSection(ProjectConfigurationPlatforms) = postSolution
		{328999EB-6FCE-4264-824E-19C7B26F86B0}.Debug|Any CPU.ActiveCfg = Debug|Any CPU
		{328999EB-6FCE-4264-824E-19C7B26F86B0}.Debug|Any CPU.Build.0 = Debug|Any CPU
		{328999EB-6FCE-4264-824E-19C7B26F86B0}.Release|Any CPU.ActiveCfg = Release|Any CPU
		{328999EB-6FCE-4264-824E-19C7B26F86B0}.Release|Any CPU.Build.0 = Release|Any CPU
	EndGlobalSection
	GlobalSection(SolutionProperties) = preSolution
		HideSolutionNode = FALSE
	EndGlobalSection
	GlobalSection(ExtensibilityGlobals) = postSolution
		SolutionGuid = {1866B3AE-C9B7-4D29-A1CA-1E8B8CF60202}
	EndGlobalSection
EndGlobal
