
Microsoft Visual Studio Solution File, Format Version 12.00
# Visual Studio Version 17
VisualStudioVersion = 17.4.33213.308
MinimumVisualStudioVersion = 10.0.40219.1
Project("{FAE04EC0-301F-11D3-BF4B-00C04F79EFBC}") = "Student Form", "Student Form.csproj", "{6CB6E70D-D7BC-4F85-A22D-D7913E04E9DF}"
EndProject
Global
	GlobalSection(SolutionConfigurationPlatforms) = preSolution
		Debug|Any CPU = Debug|Any CPU
		Release|Any CPU = Release|Any CPU
	EndGlobalSection
	GlobalSection(ProjectConfigurationPlatforms) = postSolution
		{6CB6E70D-D7BC-4F85-A22D-D7913E04E9DF}.Debug|Any CPU.ActiveCfg = Debug|Any CPU
		{6CB6E70D-D7BC-4F85-A22D-D7913E04E9DF}.Debug|Any CPU.Build.0 = Debug|Any CPU
		{6CB6E70D-D7BC-4F85-A22D-D7913E04E9DF}.Release|Any CPU.ActiveCfg = Release|Any CPU
		{6CB6E70D-D7BC-4F85-A22D-D7913E04E9DF}.Release|Any CPU.Build.0 = Release|Any CPU
	EndGlobalSection
	GlobalSection(SolutionProperties) = preSolution
		HideSolutionNode = FALSE
	EndGlobalSection
	GlobalSection(ExtensibilityGlobals) = postSolution
		SolutionGuid = {9DF6CD2D-6557-45F3-B3A8-BA8D662F6F84}
	EndGlobalSection
EndGlobal
